<Solution>
  <Folder Name="/src/">
    <Project Path="src/Mz.Logging.Core/Mz.Logging.Core.csproj" />
    <Project Path="src/Mz.SemanticVersioning/Mz.SemanticVersioning.csproj" />
  </Folder>
  <Folder Name="/tests/">
    <Project Path="tests/Mz.Logging.Core.Tests/Mz.Logging.Core.Tests.csproj" />
    <Project Path="tests/Mz.SemanticVersioning.Tests/Mz.SemanticVersioning.Tests.csproj" />
  </Folder>
</Solution>
