<Solution>
  <Folder Name="/src/">
    <Project Path="src/Mz.ApiProtocol.Core/Mz.ApiProtocol.Core.csproj" />
    <Project Path="src/Mz.ApiProtocol.SpaceEngineers/Mz.ApiProtocol.SpaceEngineers.csproj" />
    <Project Path="src/Mz.Logging.Core/Mz.Logging.Core.csproj" />
    <Project Path="src/Mz.Logging.SpaceEngineers/Mz.Logging.SpaceEngineers.csproj" />
    <Project Path="src/Mz.Networking.Core/Mz.Networking.Core.csproj" />
    <Project Path="src/Mz.Networking.SpaceEngineers/Mz.Networking.SpaceEngineers.csproj" />
    <Project Path="src/Mz.SemanticVersioning/Mz.SemanticVersioning.csproj" />
  </Folder>
  <Folder Name="/tests/">
    <Project Path="tests/Mz.ApiProtocol.Core.Tests/Mz.ApiProtocol.Core.Tests.csproj" />
    <Project Path="tests/Mz.ApiProtocol.SpaceEngineers.Tests/Mz.ApiProtocol.SpaceEngineers.Tests.csproj" />
    <Project Path="tests/Mz.Logging.Core.Tests/Mz.Logging.Core.Tests.csproj" />
    <Project Path="tests/Mz.Logging.SpaceEngineers.Tests/Mz.Logging.SpaceEngineers.Tests.csproj" />
    <Project Path="tests/Mz.Networking.Core.Tests/Mz.Networking.Core.Tests.csproj" />
    <Project Path="tests/Mz.Networking.SpaceEngineers.Tests/Mz.Networking.SpaceEngineers.Tests.csproj" />
    <Project Path="tests/Mz.SemanticVersioning.Tests/Mz.SemanticVersioning.Tests.csproj" />
  </Folder>
  <Folder Name="/validation/">
    <Project Path="validation/Mz.ApiProtocol.SourceCopyValidation/Mz.ApiProtocol.SourceCopyValidation.csproj" />
    <Project Path="validation/Mz.Logging.SourceCopyValidation/Mz.Logging.SourceCopyValidation.csproj" />
  </Folder>
</Solution>
